
Microsoft Visual Studio Solution File, Format Version 12.00
# Visual Studio Version 17
VisualStudioVersion = 17.10.34916.146
MinimumVisualStudioVersion = 10.0.40219.1
Project("{FAE04EC0-301F-11D3-BF4B-00C04F79EFBC}") = "FirstProject", "FirstProject.csproj", "{65E8BE59-3963-4C2C-99D7-257484E571E2}"
EndProject
Global
	GlobalSection(SolutionConfigurationPlatforms) = preSolution
		Debug|Any CPU = Debug|Any CPU
		Release|Any CPU = Release|Any CPU
	EndGlobalSection
	GlobalSection(ProjectConfigurationPlatforms) = postSolution
		{65E8BE59-3963-4C2C-99D7-257484E571E2}.Debug|Any CPU.ActiveCfg = Debug|Any CPU
		{65E8BE59-3963-4C2C-99D7-257484E571E2}.Debug|Any CPU.Build.0 = Debug|Any CPU
		{65E8BE59-3963-4C2C-99D7-257484E571E2}.Release|Any CPU.ActiveCfg = Release|Any CPU
		{65E8BE59-3963-4C2C-99D7-257484E571E2}.Release|Any CPU.Build.0 = Release|Any CPU
	EndGlobalSection
	GlobalSection(SolutionProperties) = preSolution
		HideSolutionNode = FALSE
	EndGlobalSection
	GlobalSection(ExtensibilityGlobals) = postSolution
		SolutionGuid = {D833CD29-AEA5-428F-9114-5D1D8203C9A1}
	EndGlobalSection
EndGlobal
